// !$*UTF8*$!
{
	archiveVersion = 1;
	classes = {
	};
	objectVersion = 56;
	objects = {

/* Begin PBXBuildFile section */
		A8687D282C5FCDB300822B39 /* WebVideoViewController.swift in Sources */ = {isa = PBXBuildFile; fileRef = A8687D272C5FCDB300822B39 /* WebVideoViewController.swift */; };
		A875D8722C5FFE5B0016B84B /* MovieTrailer.swift in Sources */ = {isa = PBXBuildFile; fileRef = A875D8712C5FFE5B0016B84B /* MovieTrailer.swift */; };
		A875D8742C5FFEC90016B84B /* MovieVideosResponse.swift in Sources */ = {isa = PBXBuildFile; fileRef = A875D8732C5FFEC90016B84B /* MovieVideosResponse.swift */; };
		A875D8762C60001B0016B84B /* TrailerMapper.swift in Sources */ = {isa = PBXBuildFile; fileRef = A875D8752C60001B0016B84B /* TrailerMapper.swift */; };
		A875D8782C651BF50016B84B /* MovieRequestType.swift in Sources */ = {isa = PBXBuildFile; fileRef = A875D8772C651BF50016B84B /* MovieRequestType.swift */; };
		A878710C2C5D199B00A7518D /* RemoteGenreRepository.swift in Sources */ = {isa = PBXBuildFile; fileRef = A878710B2C5D199B00A7518D /* RemoteGenreRepository.swift */; };
		A878710E2C5D1A1C00A7518D /* GenreResponse.swift in Sources */ = {isa = PBXBuildFile; fileRef = A878710D2C5D1A1C00A7518D /* GenreResponse.swift */; };
		A87871102C5D1A4800A7518D /* Genre.swift in Sources */ = {isa = PBXBuildFile; fileRef = A878710F2C5D1A4800A7518D /* Genre.swift */; };
		A87871122C5D207C00A7518D /* GenreMapper.swift in Sources */ = {isa = PBXBuildFile; fileRef = A87871112C5D207C00A7518D /* GenreMapper.swift */; };
		A87871142C5DF96400A7518D /* AlertFactory.swift in Sources */ = {isa = PBXBuildFile; fileRef = A87871132C5DF96400A7518D /* AlertFactory.swift */; };
		A87871162C5DFB3000A7518D /* MovieSortTypeUIMapper.swift in Sources */ = {isa = PBXBuildFile; fileRef = A87871152C5DFB3000A7518D /* MovieSortTypeUIMapper.swift */; };
		A87871182C5DFB4800A7518D /* MovieSortTypeUIModel.swift in Sources */ = {isa = PBXBuildFile; fileRef = A87871172C5DFB4800A7518D /* MovieSortTypeUIModel.swift */; };
		A88E6CA32C5E0F6B007BC570 /* MovieDetails.swift in Sources */ = {isa = PBXBuildFile; fileRef = A88E6CA22C5E0F6B007BC570 /* MovieDetails.swift */; };
		A88E6CA52C5E1067007BC570 /* MovieDetailsUIModel.swift in Sources */ = {isa = PBXBuildFile; fileRef = A88E6CA42C5E1067007BC570 /* MovieDetailsUIModel.swift */; };
		A88E6CA72C5E1072007BC570 /* MovieDetailsUIMapper.swift in Sources */ = {isa = PBXBuildFile; fileRef = A88E6CA62C5E1072007BC570 /* MovieDetailsUIMapper.swift */; };
		A88E6CA92C5E7031007BC570 /* DetailsRepository.swift in Sources */ = {isa = PBXBuildFile; fileRef = A88E6CA82C5E7031007BC570 /* DetailsRepository.swift */; };
		A88E6CAB2C5E7CFD007BC570 /* MovieDetailsViewController.swift in Sources */ = {isa = PBXBuildFile; fileRef = A88E6CAA2C5E7CFD007BC570 /* MovieDetailsViewController.swift */; };
		A88E6CAD2C5E7D0E007BC570 /* MovieDetailsView.swift in Sources */ = {isa = PBXBuildFile; fileRef = A88E6CAC2C5E7D0E007BC570 /* MovieDetailsView.swift */; };
		A88E6CAF2C5E7D4A007BC570 /* MovieDetailsViewModel.swift in Sources */ = {isa = PBXBuildFile; fileRef = A88E6CAE2C5E7D4A007BC570 /* MovieDetailsViewModel.swift */; };
		A88E6CB22C5EE212007BC570 /* PosterView.swift in Sources */ = {isa = PBXBuildFile; fileRef = A88E6CB12C5EE212007BC570 /* PosterView.swift */; };
		A88E6CB42C5EE58E007BC570 /* PosterViewController.swift in Sources */ = {isa = PBXBuildFile; fileRef = A88E6CB32C5EE58E007BC570 /* PosterViewController.swift */; };
		A89D3EC82C5A6ACA00367B0F /* UIView+UseAutoLayout.swift in Sources */ = {isa = PBXBuildFile; fileRef = A89D3EC72C5A6ACA00367B0F /* UIView+UseAutoLayout.swift */; };
		A89D3ECA2C5A6B0500367B0F /* MovieCell.swift in Sources */ = {isa = PBXBuildFile; fileRef = A89D3EC92C5A6B0500367B0F /* MovieCell.swift */; };
		A89D3ECC2C5A6B4600367B0F /* NSLayoutConstraint+constraintToMatchParent.swift in Sources */ = {isa = PBXBuildFile; fileRef = A89D3ECB2C5A6B4600367B0F /* NSLayoutConstraint+constraintToMatchParent.swift */; };
		A89D3ECE2C5A6D7200367B0F /* UILabel+font.swift in Sources */ = {isa = PBXBuildFile; fileRef = A89D3ECD2C5A6D7200367B0F /* UILabel+font.swift */; };
		A89D3ED02C5A6DFE00367B0F /* UIColor+Placeholder.swift in Sources */ = {isa = PBXBuildFile; fileRef = A89D3ECF2C5A6DFE00367B0F /* UIColor+Placeholder.swift */; };
		A89D3ED42C5B8B7800367B0F /* MovieCoreDataRepository.swift in Sources */ = {isa = PBXBuildFile; fileRef = A89D3ED32C5B8B7800367B0F /* MovieCoreDataRepository.swift */; };
		A89D3ED62C5B8B8800367B0F /* MoviePaginationRepository.swift in Sources */ = {isa = PBXBuildFile; fileRef = A89D3ED52C5B8B8800367B0F /* MoviePaginationRepository.swift */; };
		A89D3ED82C5B8B9400367B0F /* MovieRepository.swift in Sources */ = {isa = PBXBuildFile; fileRef = A89D3ED72C5B8B9400367B0F /* MovieRepository.swift */; };
		A89D3EDB2C5B8C7F00367B0F /* NetworkMonitor.swift in Sources */ = {isa = PBXBuildFile; fileRef = A89D3EDA2C5B8C7F00367B0F /* NetworkMonitor.swift */; };
		A89D3EDD2C5B8D2C00367B0F /* PaginationFactory.swift in Sources */ = {isa = PBXBuildFile; fileRef = A89D3EDC2C5B8D2C00367B0F /* PaginationFactory.swift */; };
		A89D3EDF2C5B8D5400367B0F /* NetworkService.swift in Sources */ = {isa = PBXBuildFile; fileRef = A89D3EDE2C5B8D5400367B0F /* NetworkService.swift */; };
		A89D3EE12C5B8D7C00367B0F /* Pagination.swift in Sources */ = {isa = PBXBuildFile; fileRef = A89D3EE02C5B8D7C00367B0F /* Pagination.swift */; };
		A89D3EE52C5B8DD700367B0F /* Movie.swift in Sources */ = {isa = PBXBuildFile; fileRef = A89D3EE42C5B8DD700367B0F /* Movie.swift */; };
		A89D3EE72C5B8DE700367B0F /* MovieResponse.swift in Sources */ = {isa = PBXBuildFile; fileRef = A89D3EE62C5B8DE700367B0F /* MovieResponse.swift */; };
		A89D3EE92C5B910600367B0F /* MovieSortType.swift in Sources */ = {isa = PBXBuildFile; fileRef = A89D3EE82C5B910600367B0F /* MovieSortType.swift */; };
		A89D3EEB2C5B935600367B0F /* JSONMapper.swift in Sources */ = {isa = PBXBuildFile; fileRef = A89D3EEA2C5B935600367B0F /* JSONMapper.swift */; };
		A89D3EED2C5B990E00367B0F /* MovieUIMapper.swift in Sources */ = {isa = PBXBuildFile; fileRef = A89D3EEC2C5B990E00367B0F /* MovieUIMapper.swift */; };
		A89D3EEF2C5B999D00367B0F /* MovieUIModel.swift in Sources */ = {isa = PBXBuildFile; fileRef = A89D3EEE2C5B999D00367B0F /* MovieUIModel.swift */; };
		A89D3EF62C5C109800367B0F /* FetchedResultController.swift in Sources */ = {isa = PBXBuildFile; fileRef = A89D3EF52C5C109800367B0F /* FetchedResultController.swift */; };
		A8D9443E2C5A447900580A93 /* AppDelegate.swift in Sources */ = {isa = PBXBuildFile; fileRef = A8D9443D2C5A447900580A93 /* AppDelegate.swift */; };
		A8D944402C5A447900580A93 /* SceneDelegate.swift in Sources */ = {isa = PBXBuildFile; fileRef = A8D9443F2C5A447900580A93 /* SceneDelegate.swift */; };
		A8D944422C5A447900580A93 /* MovieListViewController.swift in Sources */ = {isa = PBXBuildFile; fileRef = A8D944412C5A447900580A93 /* MovieListViewController.swift */; };
		A8D944482C5A447900580A93 /* Task_Movies.xcdatamodeld in Sources */ = {isa = PBXBuildFile; fileRef = A8D944462C5A447900580A93 /* Task_Movies.xcdatamodeld */; };
		A8D9444A2C5A447B00580A93 /* Assets.xcassets in Resources */ = {isa = PBXBuildFile; fileRef = A8D944492C5A447B00580A93 /* Assets.xcassets */; };
		A8D9444D2C5A447B00580A93 /* Base in Resources */ = {isa = PBXBuildFile; fileRef = A8D9444C2C5A447B00580A93 /* Base */; };
		A8D944572C5A655400580A93 /* MovieListView.swift in Sources */ = {isa = PBXBuildFile; fileRef = A8D944562C5A655400580A93 /* MovieListView.swift */; };
		A8D944592C5A656C00580A93 /* MovieListViewModel.swift in Sources */ = {isa = PBXBuildFile; fileRef = A8D944582C5A656C00580A93 /* MovieListViewModel.swift */; };
		A8D9445C2C5A65ED00580A93 /* Alamofire in Frameworks */ = {isa = PBXBuildFile; productRef = A8D9445B2C5A65ED00580A93 /* Alamofire */; };
		A8D944612C5A665A00580A93 /* Kingfisher in Frameworks */ = {isa = PBXBuildFile; productRef = A8D944602C5A665A00580A93 /* Kingfisher */; };
		A8D944642C5A668400580A93 /* RxCocoa in Frameworks */ = {isa = PBXBuildFile; productRef = A8D944632C5A668400580A93 /* RxCocoa */; };
		A8D944682C5A668400580A93 /* RxSwift in Frameworks */ = {isa = PBXBuildFile; productRef = A8D944672C5A668400580A93 /* RxSwift */; };
/* End PBXBuildFile section */

/* Begin PBXFileReference section */
		A8687D272C5FCDB300822B39 /* WebVideoViewController.swift */ = {isa = PBXFileReference; lastKnownFileType = sourcecode.swift; path = WebVideoViewController.swift; sourceTree = "<group>"; };
		A875D8712C5FFE5B0016B84B /* MovieTrailer.swift */ = {isa = PBXFileReference; lastKnownFileType = sourcecode.swift; path = MovieTrailer.swift; sourceTree = "<group>"; };
		A875D8732C5FFEC90016B84B /* MovieVideosResponse.swift */ = {isa = PBXFileReference; lastKnownFileType = sourcecode.swift; path = MovieVideosResponse.swift; sourceTree = "<group>"; };
		A875D8752C60001B0016B84B /* TrailerMapper.swift */ = {isa = PBXFileReference; lastKnownFileType = sourcecode.swift; path = TrailerMapper.swift; sourceTree = "<group>"; };
		A875D8772C651BF50016B84B /* MovieRequestType.swift */ = {isa = PBXFileReference; lastKnownFileType = sourcecode.swift; path = MovieRequestType.swift; sourceTree = "<group>"; };
		A878710B2C5D199B00A7518D /* RemoteGenreRepository.swift */ = {isa = PBXFileReference; lastKnownFileType = sourcecode.swift; path = RemoteGenreRepository.swift; sourceTree = "<group>"; };
		A878710D2C5D1A1C00A7518D /* GenreResponse.swift */ = {isa = PBXFileReference; lastKnownFileType = sourcecode.swift; path = GenreResponse.swift; sourceTree = "<group>"; };
		A878710F2C5D1A4800A7518D /* Genre.swift */ = {isa = PBXFileReference; lastKnownFileType = sourcecode.swift; path = Genre.swift; sourceTree = "<group>"; };
		A87871112C5D207C00A7518D /* GenreMapper.swift */ = {isa = PBXFileReference; lastKnownFileType = sourcecode.swift; path = GenreMapper.swift; sourceTree = "<group>"; };
		A87871132C5DF96400A7518D /* AlertFactory.swift */ = {isa = PBXFileReference; lastKnownFileType = sourcecode.swift; path = AlertFactory.swift; sourceTree = "<group>"; };
		A87871152C5DFB3000A7518D /* MovieSortTypeUIMapper.swift */ = {isa = PBXFileReference; lastKnownFileType = sourcecode.swift; path = MovieSortTypeUIMapper.swift; sourceTree = "<group>"; };
		A87871172C5DFB4800A7518D /* MovieSortTypeUIModel.swift */ = {isa = PBXFileReference; lastKnownFileType = sourcecode.swift; path = MovieSortTypeUIModel.swift; sourceTree = "<group>"; };
		A88E6CA22C5E0F6B007BC570 /* MovieDetails.swift */ = {isa = PBXFileReference; lastKnownFileType = sourcecode.swift; path = MovieDetails.swift; sourceTree = "<group>"; };
		A88E6CA42C5E1067007BC570 /* MovieDetailsUIModel.swift */ = {isa = PBXFileReference; lastKnownFileType = sourcecode.swift; path = MovieDetailsUIModel.swift; sourceTree = "<group>"; };
		A88E6CA62C5E1072007BC570 /* MovieDetailsUIMapper.swift */ = {isa = PBXFileReference; lastKnownFileType = sourcecode.swift; path = MovieDetailsUIMapper.swift; sourceTree = "<group>"; };
		A88E6CA82C5E7031007BC570 /* DetailsRepository.swift */ = {isa = PBXFileReference; lastKnownFileType = sourcecode.swift; path = DetailsRepository.swift; sourceTree = "<group>"; };
		A88E6CAA2C5E7CFD007BC570 /* MovieDetailsViewController.swift */ = {isa = PBXFileReference; lastKnownFileType = sourcecode.swift; path = MovieDetailsViewController.swift; sourceTree = "<group>"; };
		A88E6CAC2C5E7D0E007BC570 /* MovieDetailsView.swift */ = {isa = PBXFileReference; lastKnownFileType = sourcecode.swift; path = MovieDetailsView.swift; sourceTree = "<group>"; };
		A88E6CAE2C5E7D4A007BC570 /* MovieDetailsViewModel.swift */ = {isa = PBXFileReference; lastKnownFileType = sourcecode.swift; path = MovieDetailsViewModel.swift; sourceTree = "<group>"; };
		A88E6CB12C5EE212007BC570 /* PosterView.swift */ = {isa = PBXFileReference; lastKnownFileType = sourcecode.swift; path = PosterView.swift; sourceTree = "<group>"; };
		A88E6CB32C5EE58E007BC570 /* PosterViewController.swift */ = {isa = PBXFileReference; lastKnownFileType = sourcecode.swift; path = PosterViewController.swift; sourceTree = "<group>"; };
		A89D3EC72C5A6ACA00367B0F /* UIView+UseAutoLayout.swift */ = {isa = PBXFileReference; lastKnownFileType = sourcecode.swift; path = "UIView+UseAutoLayout.swift"; sourceTree = "<group>"; };
		A89D3EC92C5A6B0500367B0F /* MovieCell.swift */ = {isa = PBXFileReference; lastKnownFileType = sourcecode.swift; path = MovieCell.swift; sourceTree = "<group>"; };
		A89D3ECB2C5A6B4600367B0F /* NSLayoutConstraint+constraintToMatchParent.swift */ = {isa = PBXFileReference; lastKnownFileType = sourcecode.swift; path = "NSLayoutConstraint+constraintToMatchParent.swift"; sourceTree = "<group>"; };
		A89D3ECD2C5A6D7200367B0F /* UILabel+font.swift */ = {isa = PBXFileReference; lastKnownFileType = sourcecode.swift; path = "UILabel+font.swift"; sourceTree = "<group>"; };
		A89D3ECF2C5A6DFE00367B0F /* UIColor+Placeholder.swift */ = {isa = PBXFileReference; lastKnownFileType = sourcecode.swift; path = "UIColor+Placeholder.swift"; sourceTree = "<group>"; };
		A89D3ED32C5B8B7800367B0F /* MovieCoreDataRepository.swift */ = {isa = PBXFileReference; lastKnownFileType = sourcecode.swift; path = MovieCoreDataRepository.swift; sourceTree = "<group>"; };
		A89D3ED52C5B8B8800367B0F /* MoviePaginationRepository.swift */ = {isa = PBXFileReference; lastKnownFileType = sourcecode.swift; path = MoviePaginationRepository.swift; sourceTree = "<group>"; };
		A89D3ED72C5B8B9400367B0F /* MovieRepository.swift */ = {isa = PBXFileReference; lastKnownFileType = sourcecode.swift; path = MovieRepository.swift; sourceTree = "<group>"; };
		A89D3EDA2C5B8C7F00367B0F /* NetworkMonitor.swift */ = {isa = PBXFileReference; lastKnownFileType = sourcecode.swift; path = NetworkMonitor.swift; sourceTree = "<group>"; };
		A89D3EDC2C5B8D2C00367B0F /* PaginationFactory.swift */ = {isa = PBXFileReference; lastKnownFileType = sourcecode.swift; path = PaginationFactory.swift; sourceTree = "<group>"; };
		A89D3EDE2C5B8D5400367B0F /* NetworkService.swift */ = {isa = PBXFileReference; lastKnownFileType = sourcecode.swift; path = NetworkService.swift; sourceTree = "<group>"; };
		A89D3EE02C5B8D7C00367B0F /* Pagination.swift */ = {isa = PBXFileReference; lastKnownFileType = sourcecode.swift; path = Pagination.swift; sourceTree = "<group>"; };
		A89D3EE42C5B8DD700367B0F /* Movie.swift */ = {isa = PBXFileReference; lastKnownFileType = sourcecode.swift; path = Movie.swift; sourceTree = "<group>"; };
		A89D3EE62C5B8DE700367B0F /* MovieResponse.swift */ = {isa = PBXFileReference; lastKnownFileType = sourcecode.swift; path = MovieResponse.swift; sourceTree = "<group>"; };
		A89D3EE82C5B910600367B0F /* MovieSortType.swift */ = {isa = PBXFileReference; lastKnownFileType = sourcecode.swift; path = MovieSortType.swift; sourceTree = "<group>"; };
		A89D3EEA2C5B935600367B0F /* JSONMapper.swift */ = {isa = PBXFileReference; lastKnownFileType = sourcecode.swift; path = JSONMapper.swift; sourceTree = "<group>"; };
		A89D3EEC2C5B990E00367B0F /* MovieUIMapper.swift */ = {isa = PBXFileReference; lastKnownFileType = sourcecode.swift; path = MovieUIMapper.swift; sourceTree = "<group>"; };
		A89D3EEE2C5B999D00367B0F /* MovieUIModel.swift */ = {isa = PBXFileReference; lastKnownFileType = sourcecode.swift; path = MovieUIModel.swift; sourceTree = "<group>"; };
		A89D3EF52C5C109800367B0F /* FetchedResultController.swift */ = {isa = PBXFileReference; lastKnownFileType = sourcecode.swift; path = FetchedResultController.swift; sourceTree = "<group>"; };
		A8D9443A2C5A447900580A93 /* Task Movies.app */ = {isa = PBXFileReference; explicitFileType = wrapper.application; includeInIndex = 0; path = "Task Movies.app"; sourceTree = BUILT_PRODUCTS_DIR; };
		A8D9443D2C5A447900580A93 /* AppDelegate.swift */ = {isa = PBXFileReference; lastKnownFileType = sourcecode.swift; path = AppDelegate.swift; sourceTree = "<group>"; };
		A8D9443F2C5A447900580A93 /* SceneDelegate.swift */ = {isa = PBXFileReference; lastKnownFileType = sourcecode.swift; path = SceneDelegate.swift; sourceTree = "<group>"; };
		A8D944412C5A447900580A93 /* MovieListViewController.swift */ = {isa = PBXFileReference; lastKnownFileType = sourcecode.swift; path = MovieListViewController.swift; sourceTree = "<group>"; };
		A8D944472C5A447900580A93 /* Task_Movies.xcdatamodel */ = {isa = PBXFileReference; lastKnownFileType = wrapper.xcdatamodel; path = Task_Movies.xcdatamodel; sourceTree = "<group>"; };
		A8D944492C5A447B00580A93 /* Assets.xcassets */ = {isa = PBXFileReference; lastKnownFileType = folder.assetcatalog; path = Assets.xcassets; sourceTree = "<group>"; };
		A8D9444C2C5A447B00580A93 /* Base */ = {isa = PBXFileReference; lastKnownFileType = file.storyboard; name = Base; path = Base.lproj/LaunchScreen.storyboard; sourceTree = "<group>"; };
		A8D9444E2C5A447B00580A93 /* Info.plist */ = {isa = PBXFileReference; lastKnownFileType = text.plist.xml; path = Info.plist; sourceTree = "<group>"; };
		A8D944562C5A655400580A93 /* MovieListView.swift */ = {isa = PBXFileReference; lastKnownFileType = sourcecode.swift; path = MovieListView.swift; sourceTree = "<group>"; };
		A8D944582C5A656C00580A93 /* MovieListViewModel.swift */ = {isa = PBXFileReference; lastKnownFileType = sourcecode.swift; path = MovieListViewModel.swift; sourceTree = "<group>"; };
/* End PBXFileReference section */

/* Begin PBXFrameworksBuildPhase section */
		A8D944372C5A447900580A93 /* Frameworks */ = {
			isa = PBXFrameworksBuildPhase;
			buildActionMask = 2147483647;
			files = (
				A8D944682C5A668400580A93 /* RxSwift in Frameworks */,
				A8D944612C5A665A00580A93 /* Kingfisher in Frameworks */,
				A8D9445C2C5A65ED00580A93 /* Alamofire in Frameworks */,
				A8D944642C5A668400580A93 /* RxCocoa in Frameworks */,
			);
			runOnlyForDeploymentPostprocessing = 0;
		};
/* End PBXFrameworksBuildPhase section */

/* Begin PBXGroup section */
		A875D8702C5FFDED0016B84B /* Trailer */ = {
			isa = PBXGroup;
			children = (
				A8687D272C5FCDB300822B39 /* WebVideoViewController.swift */,
			);
			path = Trailer;
			sourceTree = "<group>";
		};
		A88E6C9C2C5E0EA4007BC570 /* DTO */ = {
			isa = PBXGroup;
			children = (
				A87871172C5DFB4800A7518D /* MovieSortTypeUIModel.swift */,
				A89D3EEE2C5B999D00367B0F /* MovieUIModel.swift */,
			);
			path = DTO;
			sourceTree = "<group>";
		};
		A88E6C9D2C5E0EB1007BC570 /* Mappers */ = {
			isa = PBXGroup;
			children = (
				A87871152C5DFB3000A7518D /* MovieSortTypeUIMapper.swift */,
				A89D3EEC2C5B990E00367B0F /* MovieUIMapper.swift */,
			);
			path = Mappers;
			sourceTree = "<group>";
		};
		A88E6C9E2C5E0F08007BC570 /* DTO */ = {
			isa = PBXGroup;
			children = (
				A878710D2C5D1A1C00A7518D /* GenreResponse.swift */,
				A89D3EE62C5B8DE700367B0F /* MovieResponse.swift */,
				A878710F2C5D1A4800A7518D /* Genre.swift */,
				A89D3EE42C5B8DD700367B0F /* Movie.swift */,
				A89D3EE82C5B910600367B0F /* MovieSortType.swift */,
				A875D8772C651BF50016B84B /* MovieRequestType.swift */,
			);
			path = DTO;
			sourceTree = "<group>";
		};
		A88E6C9F2C5E0F28007BC570 /* Details */ = {
			isa = PBXGroup;
			children = (
				A88E6CA12C5E0F46007BC570 /* Data */,
				A88E6CA02C5E0F3A007BC570 /* UI */,
			);
			path = Details;
			sourceTree = "<group>";
		};
		A88E6CA02C5E0F3A007BC570 /* UI */ = {
			isa = PBXGroup;
			children = (
				A875D8702C5FFDED0016B84B /* Trailer */,
				A88E6CB02C5EE110007BC570 /* Poster */,
				A88E6CA42C5E1067007BC570 /* MovieDetailsUIModel.swift */,
				A88E6CA62C5E1072007BC570 /* MovieDetailsUIMapper.swift */,
				A88E6CAA2C5E7CFD007BC570 /* MovieDetailsViewController.swift */,
				A88E6CAC2C5E7D0E007BC570 /* MovieDetailsView.swift */,
				A88E6CAE2C5E7D4A007BC570 /* MovieDetailsViewModel.swift */,
			);
			path = UI;
			sourceTree = "<group>";
		};
		A88E6CA12C5E0F46007BC570 /* Data */ = {
			isa = PBXGroup;
			children = (
				A88E6CA22C5E0F6B007BC570 /* MovieDetails.swift */,
				A88E6CA82C5E7031007BC570 /* DetailsRepository.swift */,
				A875D8712C5FFE5B0016B84B /* MovieTrailer.swift */,
				A875D8732C5FFEC90016B84B /* MovieVideosResponse.swift */,
				A875D8752C60001B0016B84B /* TrailerMapper.swift */,
			);
			path = Data;
			sourceTree = "<group>";
		};
		A88E6CB02C5EE110007BC570 /* Poster */ = {
			isa = PBXGroup;
			children = (
				A88E6CB12C5EE212007BC570 /* PosterView.swift */,
				A88E6CB32C5EE58E007BC570 /* PosterViewController.swift */,
			);
			path = Poster;
			sourceTree = "<group>";
		};
		A89D3EC62C5A6AA300367B0F /* Extensions */ = {
			isa = PBXGroup;
			children = (
				A89D3EC72C5A6ACA00367B0F /* UIView+UseAutoLayout.swift */,
				A89D3ECB2C5A6B4600367B0F /* NSLayoutConstraint+constraintToMatchParent.swift */,
				A89D3ECD2C5A6D7200367B0F /* UILabel+font.swift */,
				A89D3ECF2C5A6DFE00367B0F /* UIColor+Placeholder.swift */,
			);
			path = Extensions;
			sourceTree = "<group>";
		};
		A89D3ED12C5B8B3E00367B0F /* UI */ = {
			isa = PBXGroup;
			children = (
				A89D3EC92C5A6B0500367B0F /* MovieCell.swift */,
				A8D944562C5A655400580A93 /* MovieListView.swift */,
				A8D944412C5A447900580A93 /* MovieListViewController.swift */,
				A8D944582C5A656C00580A93 /* MovieListViewModel.swift */,
				A88E6C9C2C5E0EA4007BC570 /* DTO */,
				A88E6C9D2C5E0EB1007BC570 /* Mappers */,
			);
			path = UI;
			sourceTree = "<group>";
		};
		A89D3ED22C5B8B4A00367B0F /* Data */ = {
			isa = PBXGroup;
			children = (
				A89D3EF12C5C085B00367B0F /* Local */,
				A89D3EF02C5C084F00367B0F /* Network */,
				A89D3ED72C5B8B9400367B0F /* MovieRepository.swift */,
			);
			path = Data;
			sourceTree = "<group>";
		};
		A89D3ED92C5B8C6900367B0F /* Network */ = {
			isa = PBXGroup;
			children = (
				A89D3EDA2C5B8C7F00367B0F /* NetworkMonitor.swift */,
				A89D3EDC2C5B8D2C00367B0F /* PaginationFactory.swift */,
				A89D3EDE2C5B8D5400367B0F /* NetworkService.swift */,
				A89D3EE02C5B8D7C00367B0F /* Pagination.swift */,
				A89D3EEA2C5B935600367B0F /* JSONMapper.swift */,
			);
			path = Network;
			sourceTree = "<group>";
		};
		A89D3EF02C5C084F00367B0F /* Network */ = {
			isa = PBXGroup;
			children = (
				A88E6C9E2C5E0F08007BC570 /* DTO */,
				A89D3ED52C5B8B8800367B0F /* MoviePaginationRepository.swift */,
				A878710B2C5D199B00A7518D /* RemoteGenreRepository.swift */,
			);
			path = Network;
			sourceTree = "<group>";
		};
		A89D3EF12C5C085B00367B0F /* Local */ = {
			isa = PBXGroup;
			children = (
				A89D3ED32C5B8B7800367B0F /* MovieCoreDataRepository.swift */,
				A87871112C5D207C00A7518D /* GenreMapper.swift */,
			);
			path = Local;
			sourceTree = "<group>";
		};
		A89D3EF42C5C108300367B0F /* UI */ = {
			isa = PBXGroup;
			children = (
				A87871132C5DF96400A7518D /* AlertFactory.swift */,
				A89D3EF52C5C109800367B0F /* FetchedResultController.swift */,
			);
			path = UI;
			sourceTree = "<group>";
		};
		A8D944312C5A447900580A93 = {
			isa = PBXGroup;
			children = (
				A8D9443C2C5A447900580A93 /* Task Movies */,
				A8D9443B2C5A447900580A93 /* Products */,
			);
			sourceTree = "<group>";
		};
		A8D9443B2C5A447900580A93 /* Products */ = {
			isa = PBXGroup;
			children = (
				A8D9443A2C5A447900580A93 /* Task Movies.app */,
			);
			name = Products;
			sourceTree = "<group>";
		};
		A8D9443C2C5A447900580A93 /* Task Movies */ = {
			isa = PBXGroup;
			children = (
				A8D944542C5A620D00580A93 /* App */,
				A88E6C9F2C5E0F28007BC570 /* Details */,
				A89D3EC62C5A6AA300367B0F /* Extensions */,
				A8D944552C5A64DF00580A93 /* MovieList */,
				A89D3ED92C5B8C6900367B0F /* Network */,
				A89D3EF42C5C108300367B0F /* UI */,
			);
			path = "Task Movies";
			sourceTree = "<group>";
		};
		A8D944542C5A620D00580A93 /* App */ = {
			isa = PBXGroup;
			children = (
				A8D9444E2C5A447B00580A93 /* Info.plist */,
				A8D9443D2C5A447900580A93 /* AppDelegate.swift */,
				A8D9443F2C5A447900580A93 /* SceneDelegate.swift */,
				A8D944492C5A447B00580A93 /* Assets.xcassets */,
				A8D9444B2C5A447B00580A93 /* LaunchScreen.storyboard */,
				A8D944462C5A447900580A93 /* Task_Movies.xcdatamodeld */,
			);
			path = App;
			sourceTree = "<group>";
		};
		A8D944552C5A64DF00580A93 /* MovieList */ = {
			isa = PBXGroup;
			children = (
				A89D3ED22C5B8B4A00367B0F /* Data */,
				A89D3ED12C5B8B3E00367B0F /* UI */,
			);
			path = MovieList;
			sourceTree = "<group>";
		};
/* End PBXGroup section */

/* Begin PBXNativeTarget section */
		A8D944392C5A447900580A93 /* Task Movies */ = {
			isa = PBXNativeTarget;
			buildConfigurationList = A8D944512C5A447B00580A93 /* Build configuration list for PBXNativeTarget "Task Movies" */;
			buildPhases = (
				A8D944362C5A447900580A93 /* Sources */,
				A8D944372C5A447900580A93 /* Frameworks */,
				A8D944382C5A447900580A93 /* Resources */,
			);
			buildRules = (
			);
			dependencies = (
			);
			name = "Task Movies";
			packageProductDependencies = (
				A8D9445B2C5A65ED00580A93 /* Alamofire */,
				A8D944602C5A665A00580A93 /* Kingfisher */,
				A8D944632C5A668400580A93 /* RxCocoa */,
				A8D944672C5A668400580A93 /* RxSwift */,
			);
			productName = "Task Movies";
			productReference = A8D9443A2C5A447900580A93 /* Task Movies.app */;
			productType = "com.apple.product-type.application";
		};
/* End PBXNativeTarget section */

/* Begin PBXProject section */
		A8D944322C5A447900580A93 /* Project object */ = {
			isa = PBXProject;
			attributes = {
				BuildIndependentTargetsInParallel = 1;
				LastSwiftUpdateCheck = 1540;
				LastUpgradeCheck = 1540;
				TargetAttributes = {
					A8D944392C5A447900580A93 = {
						CreatedOnToolsVersion = 15.4;
					};
				};
			};
			buildConfigurationList = A8D944352C5A447900580A93 /* Build configuration list for PBXProject "Task Movies" */;
			compatibilityVersion = "Xcode 14.0";
			developmentRegion = en;
			hasScannedForEncodings = 0;
			knownRegions = (
				en,
				Base,
			);
			mainGroup = A8D944312C5A447900580A93;
			packageReferences = (
				A8D9445A2C5A65ED00580A93 /* XCRemoteSwiftPackageReference "Alamofire" */,
				A8D9445F2C5A665A00580A93 /* XCRemoteSwiftPackageReference "Kingfisher" */,
				A8D944622C5A668400580A93 /* XCRemoteSwiftPackageReference "RxSwift" */,
			);
			productRefGroup = A8D9443B2C5A447900580A93 /* Products */;
			projectDirPath = "";
			projectRoot = "";
			targets = (
				A8D944392C5A447900580A93 /* Task Movies */,
			);
		};
/* End PBXProject section */

/* Begin PBXResourcesBuildPhase section */
		A8D944382C5A447900580A93 /* Resources */ = {
			isa = PBXResourcesBuildPhase;
			buildActionMask = 2147483647;
			files = (
				A8D9444A2C5A447B00580A93 /* Assets.xcassets in Resources */,
				A8D9444D2C5A447B00580A93 /* Base in Resources */,
			);
			runOnlyForDeploymentPostprocessing = 0;
		};
/* End PBXResourcesBuildPhase section */

/* Begin PBXSourcesBuildPhase section */
		A8D944362C5A447900580A93 /* Sources */ = {
			isa = PBXSourcesBuildPhase;
			buildActionMask = 2147483647;
			files = (
				A89D3EE92C5B910600367B0F /* MovieSortType.swift in Sources */,
				A88E6CB42C5EE58E007BC570 /* PosterViewController.swift in Sources */,
				A878710C2C5D199B00A7518D /* RemoteGenreRepository.swift in Sources */,
				A89D3EE72C5B8DE700367B0F /* MovieResponse.swift in Sources */,
				A875D8722C5FFE5B0016B84B /* MovieTrailer.swift in Sources */,
				A89D3EEF2C5B999D00367B0F /* MovieUIModel.swift in Sources */,
				A88E6CAD2C5E7D0E007BC570 /* MovieDetailsView.swift in Sources */,
				A87871162C5DFB3000A7518D /* MovieSortTypeUIMapper.swift in Sources */,
				A88E6CA72C5E1072007BC570 /* MovieDetailsUIMapper.swift in Sources */,
				A88E6CA32C5E0F6B007BC570 /* MovieDetails.swift in Sources */,
				A88E6CAF2C5E7D4A007BC570 /* MovieDetailsViewModel.swift in Sources */,
				A8D944422C5A447900580A93 /* MovieListViewController.swift in Sources */,
				A8D944482C5A447900580A93 /* Task_Movies.xcdatamodeld in Sources */,
				A89D3ED02C5A6DFE00367B0F /* UIColor+Placeholder.swift in Sources */,
				A89D3ED42C5B8B7800367B0F /* MovieCoreDataRepository.swift in Sources */,
				A878710E2C5D1A1C00A7518D /* GenreResponse.swift in Sources */,
				A89D3EDD2C5B8D2C00367B0F /* PaginationFactory.swift in Sources */,
				A875D8742C5FFEC90016B84B /* MovieVideosResponse.swift in Sources */,
				A89D3EDF2C5B8D5400367B0F /* NetworkService.swift in Sources */,
				A89D3EED2C5B990E00367B0F /* MovieUIMapper.swift in Sources */,
				A8687D282C5FCDB300822B39 /* WebVideoViewController.swift in Sources */,
				A89D3ED82C5B8B9400367B0F /* MovieRepository.swift in Sources */,
				A87871182C5DFB4800A7518D /* MovieSortTypeUIModel.swift in Sources */,
				A89D3ECC2C5A6B4600367B0F /* NSLayoutConstraint+constraintToMatchParent.swift in Sources */,
				A89D3ECE2C5A6D7200367B0F /* UILabel+font.swift in Sources */,
				A89D3EDB2C5B8C7F00367B0F /* NetworkMonitor.swift in Sources */,
				A88E6CA92C5E7031007BC570 /* DetailsRepository.swift in Sources */,
				A89D3ECA2C5A6B0500367B0F /* MovieCell.swift in Sources */,
				A8D944572C5A655400580A93 /* MovieListView.swift in Sources */,
				A88E6CA52C5E1067007BC570 /* MovieDetailsUIModel.swift in Sources */,
				A8D9443E2C5A447900580A93 /* AppDelegate.swift in Sources */,
				A87871122C5D207C00A7518D /* GenreMapper.swift in Sources */,
				A88E6CAB2C5E7CFD007BC570 /* MovieDetailsViewController.swift in Sources */,
				A89D3EF62C5C109800367B0F /* FetchedResultController.swift in Sources */,
				A875D8782C651BF50016B84B /* MovieRequestType.swift in Sources */,
				A89D3EEB2C5B935600367B0F /* JSONMapper.swift in Sources */,
				A89D3EE52C5B8DD700367B0F /* Movie.swift in Sources */,
				A8D944402C5A447900580A93 /* SceneDelegate.swift in Sources */,
				A89D3EC82C5A6ACA00367B0F /* UIView+UseAutoLayout.swift in Sources */,
				A89D3EE12C5B8D7C00367B0F /* Pagination.swift in Sources */,
				A88E6CB22C5EE212007BC570 /* PosterView.swift in Sources */,
				A8D944592C5A656C00580A93 /* MovieListViewModel.swift in Sources */,
				A89D3ED62C5B8B8800367B0F /* MoviePaginationRepository.swift in Sources */,
				A875D8762C60001B0016B84B /* TrailerMapper.swift in Sources */,
				A87871102C5D1A4800A7518D /* Genre.swift in Sources */,
				A87871142C5DF96400A7518D /* AlertFactory.swift in Sources */,
			);
			runOnlyForDeploymentPostprocessing = 0;
		};
/* End PBXSourcesBuildPhase section */

/* Begin PBXVariantGroup section */
		A8D9444B2C5A447B00580A93 /* LaunchScreen.storyboard */ = {
			isa = PBXVariantGroup;
			children = (
				A8D9444C2C5A447B00580A93 /* Base */,
			);
			name = LaunchScreen.storyboard;
			sourceTree = "<group>";
		};
/* End PBXVariantGroup section */

/* Begin XCBuildConfiguration section */
		A8D9444F2C5A447B00580A93 /* Debug */ = {
			isa = XCBuildConfiguration;
			buildSettings = {
				ALWAYS_SEARCH_USER_PATHS = NO;
				ASSETCATALOG_COMPILER_GENERATE_SWIFT_ASSET_SYMBOL_EXTENSIONS = YES;
				CLANG_ANALYZER_NONNULL = YES;
				CLANG_ANALYZER_NUMBER_OBJECT_CONVERSION = YES_AGGRESSIVE;
				CLANG_CXX_LANGUAGE_STANDARD = "gnu++20";
				CLANG_ENABLE_MODULES = YES;
				CLANG_ENABLE_OBJC_ARC = YES;
				CLANG_ENABLE_OBJC_WEAK = YES;
				CLANG_WARN_BLOCK_CAPTURE_AUTORELEASING = YES;
				CLANG_WARN_BOOL_CONVERSION = YES;
				CLANG_WARN_COMMA = YES;
				CLANG_WARN_CONSTANT_CONVERSION = YES;
				CLANG_WARN_DEPRECATED_OBJC_IMPLEMENTATIONS = YES;
				CLANG_WARN_DIRECT_OBJC_ISA_USAGE = YES_ERROR;
				CLANG_WARN_DOCUMENTATION_COMMENTS = YES;
				CLANG_WARN_EMPTY_BODY = YES;
				CLANG_WARN_ENUM_CONVERSION = YES;
				CLANG_WARN_INFINITE_RECURSION = YES;
				CLANG_WARN_INT_CONVERSION = YES;
				CLANG_WARN_NON_LITERAL_NULL_CONVERSION = YES;
				CLANG_WARN_OBJC_IMPLICIT_RETAIN_SELF = YES;
				CLANG_WARN_OBJC_LITERAL_CONVERSION = YES;
				CLANG_WARN_OBJC_ROOT_CLASS = YES_ERROR;
				CLANG_WARN_QUOTED_INCLUDE_IN_FRAMEWORK_HEADER = YES;
				CLANG_WARN_RANGE_LOOP_ANALYSIS = YES;
				CLANG_WARN_STRICT_PROTOTYPES = YES;
				CLANG_WARN_SUSPICIOUS_MOVE = YES;
				CLANG_WARN_UNGUARDED_AVAILABILITY = YES_AGGRESSIVE;
				CLANG_WARN_UNREACHABLE_CODE = YES;
				CLANG_WARN__DUPLICATE_METHOD_MATCH = YES;
				COPY_PHASE_STRIP = NO;
				DEBUG_INFORMATION_FORMAT = dwarf;
				ENABLE_STRICT_OBJC_MSGSEND = YES;
				ENABLE_TESTABILITY = YES;
				ENABLE_USER_SCRIPT_SANDBOXING = YES;
				GCC_C_LANGUAGE_STANDARD = gnu17;
				GCC_DYNAMIC_NO_PIC = NO;
				GCC_NO_COMMON_BLOCKS = YES;
				GCC_OPTIMIZATION_LEVEL = 0;
				GCC_PREPROCESSOR_DEFINITIONS = (
					"DEBUG=1",
					"$(inherited)",
				);
				GCC_WARN_64_TO_32_BIT_CONVERSION = YES;
				GCC_WARN_ABOUT_RETURN_TYPE = YES_ERROR;
				GCC_WARN_UNDECLARED_SELECTOR = YES;
				GCC_WARN_UNINITIALIZED_AUTOS = YES_AGGRESSIVE;
				GCC_WARN_UNUSED_FUNCTION = YES;
				GCC_WARN_UNUSED_VARIABLE = YES;
				IPHONEOS_DEPLOYMENT_TARGET = 17.5;
				LOCALIZATION_PREFERS_STRING_CATALOGS = YES;
				MTL_ENABLE_DEBUG_INFO = INCLUDE_SOURCE;
				MTL_FAST_MATH = YES;
				ONLY_ACTIVE_ARCH = YES;
				SDKROOT = iphoneos;
				SWIFT_ACTIVE_COMPILATION_CONDITIONS = "DEBUG $(inherited)";
				SWIFT_OPTIMIZATION_LEVEL = "-Onone";
			};
			name = Debug;
		};
		A8D944502C5A447B00580A93 /* Release */ = {
			isa = XCBuildConfiguration;
			buildSettings = {
				ALWAYS_SEARCH_USER_PATHS = NO;
				ASSETCATALOG_COMPILER_GENERATE_SWIFT_ASSET_SYMBOL_EXTENSIONS = YES;
				CLANG_ANALYZER_NONNULL = YES;
				CLANG_ANALYZER_NUMBER_OBJECT_CONVERSION = YES_AGGRESSIVE;
				CLANG_CXX_LANGUAGE_STANDARD = "gnu++20";
				CLANG_ENABLE_MODULES = YES;
				CLANG_ENABLE_OBJC_ARC = YES;
				CLANG_ENABLE_OBJC_WEAK = YES;
				CLANG_WARN_BLOCK_CAPTURE_AUTORELEASING = YES;
				CLANG_WARN_BOOL_CONVERSION = YES;
				CLANG_WARN_COMMA = YES;
				CLANG_WARN_CONSTANT_CONVERSION = YES;
				CLANG_WARN_DEPRECATED_OBJC_IMPLEMENTATIONS = YES;
				CLANG_WARN_DIRECT_OBJC_ISA_USAGE = YES_ERROR;
				CLANG_WARN_DOCUMENTATION_COMMENTS = YES;
				CLANG_WARN_EMPTY_BODY = YES;
				CLANG_WARN_ENUM_CONVERSION = YES;
				CLANG_WARN_INFINITE_RECURSION = YES;
				CLANG_WARN_INT_CONVERSION = YES;
				CLANG_WARN_NON_LITERAL_NULL_CONVERSION = YES;
				CLANG_WARN_OBJC_IMPLICIT_RETAIN_SELF = YES;
				CLANG_WARN_OBJC_LITERAL_CONVERSION = YES;
				CLANG_WARN_OBJC_ROOT_CLASS = YES_ERROR;
				CLANG_WARN_QUOTED_INCLUDE_IN_FRAMEWORK_HEADER = YES;
				CLANG_WARN_RANGE_LOOP_ANALYSIS = YES;
				CLANG_WARN_STRICT_PROTOTYPES = YES;
				CLANG_WARN_SUSPICIOUS_MOVE = YES;
				CLANG_WARN_UNGUARDED_AVAILABILITY = YES_AGGRESSIVE;
				CLANG_WARN_UNREACHABLE_CODE = YES;
				CLANG_WARN__DUPLICATE_METHOD_MATCH = YES;
				COPY_PHASE_STRIP = NO;
				DEBUG_INFORMATION_FORMAT = "dwarf-with-dsym";
				ENABLE_NS_ASSERTIONS = NO;
				ENABLE_STRICT_OBJC_MSGSEND = YES;
				ENABLE_USER_SCRIPT_SANDBOXING = YES;
				GCC_C_LANGUAGE_STANDARD = gnu17;
				GCC_NO_COMMON_BLOCKS = YES;
				GCC_WARN_64_TO_32_BIT_CONVERSION = YES;
				GCC_WARN_ABOUT_RETURN_TYPE = YES_ERROR;
				GCC_WARN_UNDECLARED_SELECTOR = YES;
				GCC_WARN_UNINITIALIZED_AUTOS = YES_AGGRESSIVE;
				GCC_WARN_UNUSED_FUNCTION = YES;
				GCC_WARN_UNUSED_VARIABLE = YES;
				IPHONEOS_DEPLOYMENT_TARGET = 17.5;
				LOCALIZATION_PREFERS_STRING_CATALOGS = YES;
				MTL_ENABLE_DEBUG_INFO = NO;
				MTL_FAST_MATH = YES;
				SDKROOT = iphoneos;
				SWIFT_COMPILATION_MODE = wholemodule;
				VALIDATE_PRODUCT = YES;
			};
			name = Release;
		};
		A8D944522C5A447B00580A93 /* Debug */ = {
			isa = XCBuildConfiguration;
			buildSettings = {
				ASSETCATALOG_COMPILER_APPICON_NAME = AppIcon;
				ASSETCATALOG_COMPILER_GLOBAL_ACCENT_COLOR_NAME = AccentColor;
				CODE_SIGN_STYLE = Automatic;
				CURRENT_PROJECT_VERSION = 1;
				DEVELOPMENT_TEAM = HM9C9Z2Z8T;
				GENERATE_INFOPLIST_FILE = YES;
				INFOPLIST_FILE = "Task Movies/App/Info.plist";
				INFOPLIST_KEY_UIApplicationSupportsIndirectInputEvents = YES;
				INFOPLIST_KEY_UILaunchStoryboardName = LaunchScreen;
				INFOPLIST_KEY_UIMainStoryboardFile = "";
				INFOPLIST_KEY_UISupportedInterfaceOrientations_iPad = "UIInterfaceOrientationPortrait UIInterfaceOrientationPortraitUpsideDown UIInterfaceOrientationLandscapeLeft UIInterfaceOrientationLandscapeRight";
				INFOPLIST_KEY_UISupportedInterfaceOrientations_iPhone = "UIInterfaceOrientationPortrait UIInterfaceOrientationLandscapeLeft UIInterfaceOrientationLandscapeRight";
				IPHONEOS_DEPLOYMENT_TARGET = 15.0;
				LD_RUNPATH_SEARCH_PATHS = (
					"$(inherited)",
					"@executable_path/Frameworks",
				);
				MARKETING_VERSION = 1.0;
				PRODUCT_BUNDLE_IDENTIFIER = "com.koval.Task-Movies";
				PRODUCT_NAME = "$(TARGET_NAME)";
				SUPPORTED_PLATFORMS = "iphoneos iphonesimulator";
				SUPPORTS_MACCATALYST = NO;
				SUPPORTS_MAC_DESIGNED_FOR_IPHONE_IPAD = NO;
				SUPPORTS_XR_DESIGNED_FOR_IPHONE_IPAD = NO;
				SWIFT_EMIT_LOC_STRINGS = YES;
				SWIFT_VERSION = 5.0;
				TARGETED_DEVICE_FAMILY = "1,2";
			};
			name = Debug;
		};
		A8D944532C5A447B00580A93 /* Release */ = {
			isa = XCBuildConfiguration;
			buildSettings = {
				ASSETCATALOG_COMPILER_APPICON_NAME = AppIcon;
				ASSETCATALOG_COMPILER_GLOBAL_ACCENT_COLOR_NAME = AccentColor;
				CODE_SIGN_STYLE = Automatic;
				CURRENT_PROJECT_VERSION = 1;
				DEVELOPMENT_TEAM = HM9C9Z2Z8T;
				GENERATE_INFOPLIST_FILE = YES;
				INFOPLIST_FILE = "Task Movies/App/Info.plist";
				INFOPLIST_KEY_UIApplicationSupportsIndirectInputEvents = YES;
				INFOPLIST_KEY_UILaunchStoryboardName = LaunchScreen;
				INFOPLIST_KEY_UIMainStoryboardFile = "";
				INFOPLIST_KEY_UISupportedInterfaceOrientations_iPad = "UIInterfaceOrientationPortrait UIInterfaceOrientationPortraitUpsideDown UIInterfaceOrientationLandscapeLeft UIInterfaceOrientationLandscapeRight";
				INFOPLIST_KEY_UISupportedInterfaceOrientations_iPhone = "UIInterfaceOrientationPortrait UIInterfaceOrientationLandscapeLeft UIInterfaceOrientationLandscapeRight";
				IPHONEOS_DEPLOYMENT_TARGET = 15.0;
				LD_RUNPATH_SEARCH_PATHS = (
					"$(inherited)",
					"@executable_path/Frameworks",
				);
				MARKETING_VERSION = 1.0;
				PRODUCT_BUNDLE_IDENTIFIER = "com.koval.Task-Movies";
				PRODUCT_NAME = "$(TARGET_NAME)";
				SUPPORTED_PLATFORMS = "iphoneos iphonesimulator";
				SUPPORTS_MACCATALYST = NO;
				SUPPORTS_MAC_DESIGNED_FOR_IPHONE_IPAD = NO;
				SUPPORTS_XR_DESIGNED_FOR_IPHONE_IPAD = NO;
				SWIFT_EMIT_LOC_STRINGS = YES;
				SWIFT_VERSION = 5.0;
				TARGETED_DEVICE_FAMILY = "1,2";
			};
			name = Release;
		};
/* End XCBuildConfiguration section */

/* Begin XCConfigurationList section */
		A8D944352C5A447900580A93 /* Build configuration list for PBXProject "Task Movies" */ = {
			isa = XCConfigurationList;
			buildConfigurations = (
				A8D9444F2C5A447B00580A93 /* Debug */,
				A8D944502C5A447B00580A93 /* Release */,
			);
			defaultConfigurationIsVisible = 0;
			defaultConfigurationName = Debug;
		};
		A8D944512C5A447B00580A93 /* Build configuration list for PBXNativeTarget "Task Movies" */ = {
			isa = XCConfigurationList;
			buildConfigurations = (
				A8D944522C5A447B00580A93 /* Debug */,
				A8D944532C5A447B00580A93 /* Release */,
			);
			defaultConfigurationIsVisible = 0;
			defaultConfigurationName = Debug;
		};
/* End XCConfigurationList section */

/* Begin XCRemoteSwiftPackageReference section */
		A8D9445A2C5A65ED00580A93 /* XCRemoteSwiftPackageReference "Alamofire" */ = {
			isa = XCRemoteSwiftPackageReference;
			repositoryURL = "https://github.com/Alamofire/Alamofire.git";
			requirement = {
				kind = upToNextMajorVersion;
				minimumVersion = 5.9.1;
			};
		};
		A8D9445F2C5A665A00580A93 /* XCRemoteSwiftPackageReference "Kingfisher" */ = {
			isa = XCRemoteSwiftPackageReference;
			repositoryURL = "https://github.com/onevcat/Kingfisher.git";
			requirement = {
				kind = upToNextMajorVersion;
				minimumVersion = 7.12.0;
			};
		};
		A8D944622C5A668400580A93 /* XCRemoteSwiftPackageReference "RxSwift" */ = {
			isa = XCRemoteSwiftPackageReference;
			repositoryURL = "https://github.com/ReactiveX/RxSwift.git";
			requirement = {
				kind = upToNextMajorVersion;
				minimumVersion = 6.7.1;
			};
		};
/* End XCRemoteSwiftPackageReference section */

/* Begin XCSwiftPackageProductDependency section */
		A8D9445B2C5A65ED00580A93 /* Alamofire */ = {
			isa = XCSwiftPackageProductDependency;
			package = A8D9445A2C5A65ED00580A93 /* XCRemoteSwiftPackageReference "Alamofire" */;
			productName = Alamofire;
		};
		A8D944602C5A665A00580A93 /* Kingfisher */ = {
			isa = XCSwiftPackageProductDependency;
			package = A8D9445F2C5A665A00580A93 /* XCRemoteSwiftPackageReference "Kingfisher" */;
			productName = Kingfisher;
		};
		A8D944632C5A668400580A93 /* RxCocoa */ = {
			isa = XCSwiftPackageProductDependency;
			package = A8D944622C5A668400580A93 /* XCRemoteSwiftPackageReference "RxSwift" */;
			productName = RxCocoa;
		};
		A8D944672C5A668400580A93 /* RxSwift */ = {
			isa = XCSwiftPackageProductDependency;
			package = A8D944622C5A668400580A93 /* XCRemoteSwiftPackageReference "RxSwift" */;
			productName = RxSwift;
		};
/* End XCSwiftPackageProductDependency section */

/* Begin XCVersionGroup section */
		A8D944462C5A447900580A93 /* Task_Movies.xcdatamodeld */ = {
			isa = XCVersionGroup;
			children = (
				A8D944472C5A447900580A93 /* Task_Movies.xcdatamodel */,
			);
			currentVersion = A8D944472C5A447900580A93 /* Task_Movies.xcdatamodel */;
			path = Task_Movies.xcdatamodeld;
			sourceTree = "<group>";
			versionGroupType = wrapper.xcdatamodel;
		};
/* End XCVersionGroup section */
	};
	rootObject = A8D944322C5A447900580A93 /* Project object */;
}
